# This file was autogenerated by uv via the following command:
#    bazel run @@//tiling:requirements
cartopy==0.24.1
    # via -r tiling/requirements.in
certifi==2025.4.26
    # via
    #   pyproj
    #   requests
charset-normalizer==3.4.2
    # via requests
colorama==0.4.6 ; sys_platform == 'win32'
    # via pytest
contourpy==1.3.2
    # via matplotlib
cycler==0.12.1
    # via matplotlib
deprecated==1.2.18
    # via
    #   opentelemetry-api
    #   opentelemetry-semantic-conventions
fonttools==4.57.0
    # via matplotlib
geojson==3.2.0
    # via -r tiling/requirements.in
idna==3.10
    # via requests
importlib-metadata==8.6.1
    # via opentelemetry-api
iniconfig==2.1.0
    # via pytest
kiwisolver==1.4.8
    # via matplotlib
matplotlib==3.10.1
    # via cartopy
numpy==2.2.5
    # via
    #   -c tiling/./constraints.txt
    #   -r tiling/requirements.in
    #   cartopy
    #   contourpy
    #   matplotlib
    #   pandas
    #   shapely
opentelemetry-api==1.32.1
    # via
    #   -r tiling/requirements.in
    #   opentelemetry-sdk
    #   opentelemetry-semantic-conventions
opentelemetry-sdk==1.32.1
    # via -r tiling/requirements.in
opentelemetry-semantic-conventions==0.53b1
    # via opentelemetry-sdk
packaging==25.0
    # via
    #   cartopy
    #   matplotlib
    #   pytest
pandas==2.2.3
    # via
    #   -c tiling/./constraints.txt
    #   -r tiling/requirements.in
pillow==11.2.1
    # via matplotlib
pluggy==1.6.0
    # via pytest
pyparsing==3.2.3
    # via matplotlib
pyproj==3.7.1
    # via cartopy
pyshp==2.3.1
    # via cartopy
pytest==8.3.5
    # via -r tiling/requirements.in
python-dateutil==2.9.0.post0
    # via
    #   matplotlib
    #   pandas
pytz==2025.2
    # via pandas
requests==2.32.3
    # via
    #   -c tiling/./constraints.txt
    #   -r tiling/requirements.in
shapely==2.1.0
    # via cartopy
six==1.17.0
    # via python-dateutil
typing-extensions==4.13.2
    # via opentelemetry-sdk
tzdata==2025.2
    # via pandas
urllib3==2.4.0
    # via requests
wrapt==1.17.2
    # via deprecated
zipp==3.21.0
    # via importlib-metadata
